
Microsoft Visual Studio Solution File, Format Version 12.00
# Visual Studio 15
VisualStudioVersion = 15.0.26430.16
MinimumVisualStudioVersion = 10.0.40219.1
Project("{FAE04EC0-301F-11D3-BF4B-00C04F79EFBC}") = "ContainerMgmt", "ContainerMgmt\ContainerMgmt.csproj", "{E6919955-5CFA-4D1B-A2EC-151D5AF9035B}"
EndProject
Global
	GlobalSection(SolutionConfigurationPlatforms) = preSolution
		Debug|Any CPU = Debug|Any CPU
		Release|Any CPU = Release|Any CPU
	EndGlobalSection
	GlobalSection(ProjectConfigurationPlatforms) = postSolution
		{E6919955-5CFA-4D1B-A2EC-151D5AF9035B}.Debug|Any CPU.ActiveCfg = Debug|Any CPU
		{E6919955-5CFA-4D1B-A2EC-151D5AF9035B}.Debug|Any CPU.Build.0 = Debug|Any CPU
		{E6919955-5CFA-4D1B-A2EC-151D5AF9035B}.Release|Any CPU.ActiveCfg = Release|Any CPU
		{E6919955-5CFA-4D1B-A2EC-151D5AF9035B}.Release|Any CPU.Build.0 = Release|Any CPU
	EndGlobalSection
	GlobalSection(SolutionProperties) = preSolution
		HideSolutionNode = FALSE
	EndGlobalSection
EndGlobal
